
Microsoft Visual Studio Solution File, Format Version 12.00
# Visual Studio 15
VisualStudioVersion = 15.0.28307.1321
MinimumVisualStudioVersion = 10.0.40219.1
Project("{FAE04EC0-301F-11D3-BF4B-00C04F79EFBC}") = "Tarim_test", "Tarim_test\Tarim_test.csproj", "{A932C5FB-BDC8-4E85-A63C-DC316EEC34F4}"
EndProject
Global
	GlobalSection(SolutionConfigurationPlatforms) = preSolution
		Debug|Any CPU = Debug|Any CPU
		Release|Any CPU = Release|Any CPU
	EndGlobalSection
	GlobalSection(ProjectConfigurationPlatforms) = postSolution
		{A932C5FB-BDC8-4E85-A63C-DC316EEC34F4}.Debug|Any CPU.ActiveCfg = Debug|Any CPU
		{A932C5FB-BDC8-4E85-A63C-DC316EEC34F4}.Debug|Any CPU.Build.0 = Debug|Any CPU
		{A932C5FB-BDC8-4E85-A63C-DC316EEC34F4}.Release|Any CPU.ActiveCfg = Release|Any CPU
		{A932C5FB-BDC8-4E85-A63C-DC316EEC34F4}.Release|Any CPU.Build.0 = Release|Any CPU
	EndGlobalSection
	GlobalSection(SolutionProperties) = preSolution
		HideSolutionNode = FALSE
	EndGlobalSection
	GlobalSection(ExtensibilityGlobals) = postSolution
		SolutionGuid = {424F2174-03EF-4C94-9CBD-0F56ECD249ED}
	EndGlobalSection
EndGlobal
